
Microsoft Visual Studio Solution File, Format Version 12.00
# Visual Studio 2012
Project("{FAE04EC0-301F-11D3-BF4B-00C04F79EFBC}") = "ERoadApp", "ERoadApp\ERoadApp.csproj", "{B265416A-9B37-45CB-9082-A256FA478FCD}"
EndProject
Global
	GlobalSection(SolutionConfigurationPlatforms) = preSolution
		Debug|Any CPU = Debug|Any CPU
		Release|Any CPU = Release|Any CPU
	EndGlobalSection
	GlobalSection(ProjectConfigurationPlatforms) = postSolution
		{B265416A-9B37-45CB-9082-A256FA478FCD}.Debug|Any CPU.ActiveCfg = Debug|Any CPU
		{B265416A-9B37-45CB-9082-A256FA478FCD}.Debug|Any CPU.Build.0 = Debug|Any CPU
		{B265416A-9B37-45CB-9082-A256FA478FCD}.Release|Any CPU.ActiveCfg = Release|Any CPU
		{B265416A-9B37-45CB-9082-A256FA478FCD}.Release|Any CPU.Build.0 = Release|Any CPU
	EndGlobalSection
EndGlobal
